
Microsoft Visual Studio Solution File, Format Version 12.00
# Visual Studio Version 17
VisualStudioVersion = 17.7.34202.233
MinimumVisualStudioVersion = 10.0.40219.1
Project("{FAE04EC0-301F-11D3-BF4B-00C04F79EFBC}") = "webApiTutorials", "webApiTutorials\webApiTutorials.csproj", "{98B47719-99D7-4763-AA15-AED315450F62}"
EndProject
Global
	GlobalSection(SolutionConfigurationPlatforms) = preSolution
		Debug|Any CPU = Debug|Any CPU
		Release|Any CPU = Release|Any CPU
	EndGlobalSection
	GlobalSection(ProjectConfigurationPlatforms) = postSolution
		{98B47719-99D7-4763-AA15-AED315450F62}.Debug|Any CPU.ActiveCfg = Debug|Any CPU
		{98B47719-99D7-4763-AA15-AED315450F62}.Debug|Any CPU.Build.0 = Debug|Any CPU
		{98B47719-99D7-4763-AA15-AED315450F62}.Release|Any CPU.ActiveCfg = Release|Any CPU
		{98B47719-99D7-4763-AA15-AED315450F62}.Release|Any CPU.Build.0 = Release|Any CPU
	EndGlobalSection
	GlobalSection(SolutionProperties) = preSolution
		HideSolutionNode = FALSE
	EndGlobalSection
	GlobalSection(ExtensibilityGlobals) = postSolution
		SolutionGuid = {E22D3510-4BDA-41A2-A28C-EEAC2D65588A}
	EndGlobalSection
EndGlobal
